
Microsoft Visual Studio Solution File, Format Version 12.00
# Visual Studio Version 16
VisualStudioVersion = 16.0.32106.194
MinimumVisualStudioVersion = 10.0.40219.1
Project("{8BC9CEB8-8B4A-11D0-8D11-00A0C91BC942}") = "Lab2__5", "Lab2__5.vcxproj", "{CDDA8F9B-A955-4BE3-B271-5875C4F89D93}"
EndProject
Global
	GlobalSection(SolutionConfigurationPlatforms) = preSolution
		Debug|x64 = Debug|x64
		Debug|x86 = Debug|x86
		Release|x64 = Release|x64
		Release|x86 = Release|x86
	EndGlobalSection
	GlobalSection(ProjectConfigurationPlatforms) = postSolution
		{CDDA8F9B-A955-4BE3-B271-5875C4F89D93}.Debug|x64.ActiveCfg = Debug|x64
		{CDDA8F9B-A955-4BE3-B271-5875C4F89D93}.Debug|x64.Build.0 = Debug|x64
		{CDDA8F9B-A955-4BE3-B271-5875C4F89D93}.Debug|x86.ActiveCfg = Debug|Win32
		{CDDA8F9B-A955-4BE3-B271-5875C4F89D93}.Debug|x86.Build.0 = Debug|Win32
		{CDDA8F9B-A955-4BE3-B271-5875C4F89D93}.Release|x64.ActiveCfg = Release|x64
		{CDDA8F9B-A955-4BE3-B271-5875C4F89D93}.Release|x64.Build.0 = Release|x64
		{CDDA8F9B-A955-4BE3-B271-5875C4F89D93}.Release|x86.ActiveCfg = Release|Win32
		{CDDA8F9B-A955-4BE3-B271-5875C4F89D93}.Release|x86.Build.0 = Release|Win32
	EndGlobalSection
	GlobalSection(SolutionProperties) = preSolution
		HideSolutionNode = FALSE
	EndGlobalSection
	GlobalSection(ExtensibilityGlobals) = postSolution
		SolutionGuid = {53409ED3-C665-44A1-812A-12ED76B3CE49}
	EndGlobalSection
EndGlobal
