
Microsoft Visual Studio Solution File, Format Version 12.00
# Visual Studio Version 17
VisualStudioVersion = 17.4.33213.308
MinimumVisualStudioVersion = 10.0.40219.1
Project("{FAE04EC0-301F-11D3-BF4B-00C04F79EFBC}") = "Serwis6_1", "Serwis6_1.csproj", "{8FC22086-ED22-44BA-80F8-F136E7ABA809}"
EndProject
Global
	GlobalSection(SolutionConfigurationPlatforms) = preSolution
		Debug|Any CPU = Debug|Any CPU
		Release|Any CPU = Release|Any CPU
	EndGlobalSection
	GlobalSection(ProjectConfigurationPlatforms) = postSolution
		{8FC22086-ED22-44BA-80F8-F136E7ABA809}.Debug|Any CPU.ActiveCfg = Debug|Any CPU
		{8FC22086-ED22-44BA-80F8-F136E7ABA809}.Debug|Any CPU.Build.0 = Debug|Any CPU
		{8FC22086-ED22-44BA-80F8-F136E7ABA809}.Release|Any CPU.ActiveCfg = Release|Any CPU
		{8FC22086-ED22-44BA-80F8-F136E7ABA809}.Release|Any CPU.Build.0 = Release|Any CPU
	EndGlobalSection
	GlobalSection(SolutionProperties) = preSolution
		HideSolutionNode = FALSE
	EndGlobalSection
	GlobalSection(ExtensibilityGlobals) = postSolution
		SolutionGuid = {B5AE1F8E-0756-4A26-9C38-2495FC677D59}
	EndGlobalSection
EndGlobal
