
Microsoft Visual Studio Solution File, Format Version 12.00
# Visual Studio Version 17
VisualStudioVersion = 17.4.33213.308
MinimumVisualStudioVersion = 10.0.40219.1
Project("{FAE04EC0-301F-11D3-BF4B-00C04F79EFBC}") = "Serwis6_2", "Serwis6_2.csproj", "{100ED804-4ACF-410F-A98E-2ACD09E6C358}"
EndProject
Global
	GlobalSection(SolutionConfigurationPlatforms) = preSolution
		Debug|Any CPU = Debug|Any CPU
		Release|Any CPU = Release|Any CPU
	EndGlobalSection
	GlobalSection(ProjectConfigurationPlatforms) = postSolution
		{100ED804-4ACF-410F-A98E-2ACD09E6C358}.Debug|Any CPU.ActiveCfg = Debug|Any CPU
		{100ED804-4ACF-410F-A98E-2ACD09E6C358}.Debug|Any CPU.Build.0 = Debug|Any CPU
		{100ED804-4ACF-410F-A98E-2ACD09E6C358}.Release|Any CPU.ActiveCfg = Release|Any CPU
		{100ED804-4ACF-410F-A98E-2ACD09E6C358}.Release|Any CPU.Build.0 = Release|Any CPU
	EndGlobalSection
	GlobalSection(SolutionProperties) = preSolution
		HideSolutionNode = FALSE
	EndGlobalSection
	GlobalSection(ExtensibilityGlobals) = postSolution
		SolutionGuid = {F9522E9E-F710-43F3-9E4B-131B39C4D5D5}
	EndGlobalSection
EndGlobal
