
Microsoft Visual Studio Solution File, Format Version 12.00
# Visual Studio Version 17
VisualStudioVersion = 17.4.33213.308
MinimumVisualStudioVersion = 10.0.40219.1
Project("{FAE04EC0-301F-11D3-BF4B-00C04F79EFBC}") = "Lab4", "Lab4.csproj", "{BE31BF2E-2603-4CFA-B696-BDB84F288159}"
EndProject
Global
	GlobalSection(SolutionConfigurationPlatforms) = preSolution
		Debug|Any CPU = Debug|Any CPU
		Release|Any CPU = Release|Any CPU
	EndGlobalSection
	GlobalSection(ProjectConfigurationPlatforms) = postSolution
		{BE31BF2E-2603-4CFA-B696-BDB84F288159}.Debug|Any CPU.ActiveCfg = Debug|Any CPU
		{BE31BF2E-2603-4CFA-B696-BDB84F288159}.Debug|Any CPU.Build.0 = Debug|Any CPU
		{BE31BF2E-2603-4CFA-B696-BDB84F288159}.Release|Any CPU.ActiveCfg = Release|Any CPU
		{BE31BF2E-2603-4CFA-B696-BDB84F288159}.Release|Any CPU.Build.0 = Release|Any CPU
	EndGlobalSection
	GlobalSection(SolutionProperties) = preSolution
		HideSolutionNode = FALSE
	EndGlobalSection
	GlobalSection(ExtensibilityGlobals) = postSolution
		SolutionGuid = {758E9AA8-9979-4561-A43A-F5D0314AC9F8}
	EndGlobalSection
EndGlobal
